{
  "originHash" : "29bdf1b298b18239e16c67aebd93a0440b19564f9ad603e9e1d8970a412434c4",
  "pins" : [
    {
      "identity" : "grdb.swift",
      "kind" : "remoteSourceControl",
      "location" : "https://github.com/groue/GRDB.swift.git",
      "state" : {
        "revision" : "b83108d10f42680d78f23fe4d4d80fc88dab3212",
        "version" : "7.11.1"
      }
    },
    {
      "identity" : "maplibre-native-distribution",
      "kind" : "remoteSourceControl",
      "location" : "https://github.com/maplibre/maplibre-native-distribution",
      "state" : {
        "revision" : "13e41ab3d77ff5113e7e5d4ee87803b1f81f5683",
        "version" : "6.31.0"
      }
    },
    {
      "identity" : "traccar-client-sdk",
      "kind" : "remoteSourceControl",
      "location" : "https://github.com/adriaandotcom/traccar-client-sdk",
      "state" : {
        "revision" : "6b6f614755980c85c992c71ad9525ea0e36e680a",
        "version" : "1.1.1-places.1"
      }
    },
    {
      "identity" : "zipfoundation",
      "kind" : "remoteSourceControl",
      "location" : "https://github.com/weichsel/ZIPFoundation.git",
      "state" : {
        "revision" : "22787ffb59de99e5dc1fbfe80b19c97a904ad48d",
        "version" : "0.9.20"
      }
    }
  ],
  "version" : 3
}
